
Microsoft Visual Studio Solution File, Format Version 11.00
# Visual Studio 2010
Project("{FAE04EC0-301F-11D3-BF4B-00C04F79EFBC}") = "Selenium_Demo", "Selenium_Demo\Selenium_Demo.csproj", "{4A4AAA60-0ACD-4DE6-94CC-569F6061E5FA}"
EndProject
Global
	GlobalSection(SolutionConfigurationPlatforms) = preSolution
		Debug|x86 = Debug|x86
		Release|x86 = Release|x86
	EndGlobalSection
	GlobalSection(ProjectConfigurationPlatforms) = postSolution
		{4A4AAA60-0ACD-4DE6-94CC-569F6061E5FA}.Debug|x86.ActiveCfg = Debug|x86
		{4A4AAA60-0ACD-4DE6-94CC-569F6061E5FA}.Debug|x86.Build.0 = Debug|x86
		{4A4AAA60-0ACD-4DE6-94CC-569F6061E5FA}.Release|x86.ActiveCfg = Release|x86
		{4A4AAA60-0ACD-4DE6-94CC-569F6061E5FA}.Release|x86.Build.0 = Release|x86
	EndGlobalSection
	GlobalSection(SolutionProperties) = preSolution
		HideSolutionNode = FALSE
	EndGlobalSection
EndGlobal
